
Microsoft Visual Studio Solution File, Format Version 12.00
# Visual Studio Version 16
VisualStudioVersion = 16.0.28803.156
MinimumVisualStudioVersion = 10.0.40219.1
Project("{F184B08F-C81C-45F6-A57F-5ABD9991F28F}") = "unidad02Cadenas", "unidad02Cadenas\unidad02Cadenas.vbproj", "{5893381A-6F97-4C56-9430-7C8038C4E929}"
EndProject
Global
	GlobalSection(SolutionConfigurationPlatforms) = preSolution
		Debug|Any CPU = Debug|Any CPU
		Release|Any CPU = Release|Any CPU
	EndGlobalSection
	GlobalSection(ProjectConfigurationPlatforms) = postSolution
		{5893381A-6F97-4C56-9430-7C8038C4E929}.Debug|Any CPU.ActiveCfg = Debug|Any CPU
		{5893381A-6F97-4C56-9430-7C8038C4E929}.Debug|Any CPU.Build.0 = Debug|Any CPU
		{5893381A-6F97-4C56-9430-7C8038C4E929}.Release|Any CPU.ActiveCfg = Release|Any CPU
		{5893381A-6F97-4C56-9430-7C8038C4E929}.Release|Any CPU.Build.0 = Release|Any CPU
	EndGlobalSection
	GlobalSection(SolutionProperties) = preSolution
		HideSolutionNode = FALSE
	EndGlobalSection
	GlobalSection(ExtensibilityGlobals) = postSolution
		SolutionGuid = {9FED3351-C6AF-4C59-8AE8-52028F31BCCB}
	EndGlobalSection
EndGlobal
